// !$*UTF8*$!
{
	archiveVersion = 1;
	classes = {
	};
	objectVersion = 48;
	objects = {

/* Begin PBXBuildFile section */
		8559D415206CF9520063F629 /* AppDelegate.swift in Sources */ = {isa = PBXBuildFile; fileRef = 8559D414206CF9520063F629 /* AppDelegate.swift */; };
		8559D417206CF9520063F629 /* ViewController.swift in Sources */ = {isa = PBXBuildFile; fileRef = 8559D416206CF9520063F629 /* ViewController.swift */; };
		8559D41A206CF9520063F629 /* Main.storyboard in Resources */ = {isa = PBXBuildFile; fileRef = 8559D418206CF9520063F629 /* Main.storyboard */; };
		8559D41C206CF9520063F629 /* Assets.xcassets in Resources */ = {isa = PBXBuildFile; fileRef = 8559D41B206CF9520063F629 /* Assets.xcassets */; };
		8559D41F206CF9520063F629 /* LaunchScreen.storyboard in Resources */ = {isa = PBXBuildFile; fileRef = 8559D41D206CF9520063F629 /* LaunchScreen.storyboard */; };
		8559D427206D018B0063F629 /* LightRedViewController.swift in Sources */ = {isa = PBXBuildFile; fileRef = 8559D426206D018B0063F629 /* LightRedViewController.swift */; };
/* End PBXBuildFile section */

/* Begin PBXFileReference section */
		8559D411206CF9510063F629 /* HelloSwitchingView.app */ = {isa = PBXFileReference; explicitFileType = wrapper.application; includeInIndex = 0; path = HelloSwitchingView.app; sourceTree = BUILT_PRODUCTS_DIR; };
		8559D414206CF9520063F629 /* AppDelegate.swift */ = {isa = PBXFileReference; lastKnownFileType = sourcecode.swift; path = AppDelegate.swift; sourceTree = "<group>"; };
		8559D416206CF9520063F629 /* ViewController.swift */ = {isa = PBXFileReference; lastKnownFileType = sourcecode.swift; path = ViewController.swift; sourceTree = "<group>"; };
		8559D419206CF9520063F629 /* Base */ = {isa = PBXFileReference; lastKnownFileType = file.storyboard; name = Base; path = Base.lproj/Main.storyboard; sourceTree = "<group>"; };
		8559D41B206CF9520063F629 /* Assets.xcassets */ = {isa = PBXFileReference; lastKnownFileType = folder.assetcatalog; path = Assets.xcassets; sourceTree = "<group>"; };
		8559D41E206CF9520063F629 /* Base */ = {isa = PBXFileReference; lastKnownFileType = file.storyboard; name = Base; path = Base.lproj/LaunchScreen.storyboard; sourceTree = "<group>"; };
		8559D420206CF9520063F629 /* Info.plist */ = {isa = PBXFileReference; lastKnownFileType = text.plist.xml; path = Info.plist; sourceTree = "<group>"; };
		8559D426206D018B0063F629 /* LightRedViewController.swift */ = {isa = PBXFileReference; lastKnownFileType = sourcecode.swift; path = LightRedViewController.swift; sourceTree = "<group>"; };
/* End PBXFileReference section */

/* Begin PBXFrameworksBuildPhase section */
		8559D40E206CF9510063F629 /* Frameworks */ = {
			isa = PBXFrameworksBuildPhase;
			buildActionMask = 2147483647;
			files = (
			);
			runOnlyForDeploymentPostprocessing = 0;
		};
/* End PBXFrameworksBuildPhase section */

/* Begin PBXGroup section */
		8559D408206CF9510063F629 = {
			isa = PBXGroup;
			children = (
				8559D413206CF9510063F629 /* HelloSwitchingView */,
				8559D412206CF9510063F629 /* Products */,
			);
			sourceTree = "<group>";
		};
		8559D412206CF9510063F629 /* Products */ = {
			isa = PBXGroup;
			children = (
				8559D411206CF9510063F629 /* HelloSwitchingView.app */,
			);
			name = Products;
			sourceTree = "<group>";
		};
		8559D413206CF9510063F629 /* HelloSwitchingView */ = {
			isa = PBXGroup;
			children = (
				8559D414206CF9520063F629 /* AppDelegate.swift */,
				8559D416206CF9520063F629 /* ViewController.swift */,
				8559D426206D018B0063F629 /* LightRedViewController.swift */,
				8559D418206CF9520063F629 /* Main.storyboard */,
				8559D41B206CF9520063F629 /* Assets.xcassets */,
				8559D41D206CF9520063F629 /* LaunchScreen.storyboard */,
				8559D420206CF9520063F629 /* Info.plist */,
			);
			path = HelloSwitchingView;
			sourceTree = "<group>";
		};
/* End PBXGroup section */

/* Begin PBXNativeTarget section */
		8559D410206CF9510063F629 /* HelloSwitchingView */ = {
			isa = PBXNativeTarget;
			buildConfigurationList = 8559D423206CF9520063F629 /* Build configuration list for PBXNativeTarget "HelloSwitchingView" */;
			buildPhases = (
				8559D40D206CF9510063F629 /* Sources */,
				8559D40E206CF9510063F629 /* Frameworks */,
				8559D40F206CF9510063F629 /* Resources */,
			);
			buildRules = (
			);
			dependencies = (
			);
			name = HelloSwitchingView;
			productName = HelloSwitchingView;
			productReference = 8559D411206CF9510063F629 /* HelloSwitchingView.app */;
			productType = "com.apple.product-type.application";
		};
/* End PBXNativeTarget section */

/* Begin PBXProject section */
		8559D409206CF9510063F629 /* Project object */ = {
			isa = PBXProject;
			attributes = {
				LastSwiftUpdateCheck = 0920;
				LastUpgradeCheck = 0920;
				ORGANIZATIONNAME = AppsAdamLin;
				TargetAttributes = {
					8559D410206CF9510063F629 = {
						CreatedOnToolsVersion = 9.2;
						ProvisioningStyle = Automatic;
					};
				};
			};
			buildConfigurationList = 8559D40C206CF9510063F629 /* Build configuration list for PBXProject "HelloSwitchingView" */;
			compatibilityVersion = "Xcode 8.0";
			developmentRegion = en;
			hasScannedForEncodings = 0;
			knownRegions = (
				en,
				Base,
			);
			mainGroup = 8559D408206CF9510063F629;
			productRefGroup = 8559D412206CF9510063F629 /* Products */;
			projectDirPath = "";
			projectRoot = "";
			targets = (
				8559D410206CF9510063F629 /* HelloSwitchingView */,
			);
		};
/* End PBXProject section */

/* Begin PBXResourcesBuildPhase section */
		8559D40F206CF9510063F629 /* Resources */ = {
			isa = PBXResourcesBuildPhase;
			buildActionMask = 2147483647;
			files = (
				8559D41F206CF9520063F629 /* LaunchScreen.storyboard in Resources */,
				8559D41C206CF9520063F629 /* Assets.xcassets in Resources */,
				8559D41A206CF9520063F629 /* Main.storyboard in Resources */,
			);
			runOnlyForDeploymentPostprocessing = 0;
		};
/* End PBXResourcesBuildPhase section */

/* Begin PBXSourcesBuildPhase section */
		8559D40D206CF9510063F629 /* Sources */ = {
			isa = PBXSourcesBuildPhase;
			buildActionMask = 2147483647;
			files = (
				8559D417206CF9520063F629 /* ViewController.swift in Sources */,
				8559D427206D018B0063F629 /* LightRedViewController.swift in Sources */,
				8559D415206CF9520063F629 /* AppDelegate.swift in Sources */,
			);
			runOnlyForDeploymentPostprocessing = 0;
		};
/* End PBXSourcesBuildPhase section */

/* Begin PBXVariantGroup section */
		8559D418206CF9520063F629 /* Main.storyboard */ = {
			isa = PBXVariantGroup;
			children = (
				8559D419206CF9520063F629 /* Base */,
			);
			name = Main.storyboard;
			sourceTree = "<group>";
		};
		8559D41D206CF9520063F629 /* LaunchScreen.storyboard */ = {
			isa = PBXVariantGroup;
			children = (
				8559D41E206CF9520063F629 /* Base */,
			);
			name = LaunchScreen.storyboard;
			sourceTree = "<group>";
		};
/* End PBXVariantGroup section */

/* Begin XCBuildConfiguration section */
		8559D421206CF9520063F629 /* Debug */ = {
			isa = XCBuildConfiguration;
			buildSettings = {
				ALWAYS_SEARCH_USER_PATHS = NO;
				CLANG_ANALYZER_NONNULL = YES;
				CLANG_ANALYZER_NUMBER_OBJECT_CONVERSION = YES_AGGRESSIVE;
				CLANG_CXX_LANGUAGE_STANDARD = "gnu++14";
				CLANG_CXX_LIBRARY = "libc++";
				CLANG_ENABLE_MODULES = YES;
				CLANG_ENABLE_OBJC_ARC = YES;
				CLANG_WARN_BLOCK_CAPTURE_AUTORELEASING = YES;
				CLANG_WARN_BOOL_CONVERSION = YES;
				CLANG_WARN_COMMA = YES;
				CLANG_WARN_CONSTANT_CONVERSION = YES;
				CLANG_WARN_DIRECT_OBJC_ISA_USAGE = YES_ERROR;
				CLANG_WARN_DOCUMENTATION_COMMENTS = YES;
				CLANG_WARN_EMPTY_BODY = YES;
				CLANG_WARN_ENUM_CONVERSION = YES;
				CLANG_WARN_INFINITE_RECURSION = YES;
				CLANG_WARN_INT_CONVERSION = YES;
				CLANG_WARN_NON_LITERAL_NULL_CONVERSION = YES;
				CLANG_WARN_OBJC_LITERAL_CONVERSION = YES;
				CLANG_WARN_OBJC_ROOT_CLASS = YES_ERROR;
				CLANG_WARN_RANGE_LOOP_ANALYSIS = YES;
				CLANG_WARN_STRICT_PROTOTYPES = YES;
				CLANG_WARN_SUSPICIOUS_MOVE = YES;
				CLANG_WARN_UNGUARDED_AVAILABILITY = YES_AGGRESSIVE;
				CLANG_WARN_UNREACHABLE_CODE = YES;
				CLANG_WARN__DUPLICATE_METHOD_MATCH = YES;
				CODE_SIGN_IDENTITY = "iPhone Developer";
				COPY_PHASE_STRIP = NO;
				DEBUG_INFORMATION_FORMAT = dwarf;
				ENABLE_STRICT_OBJC_MSGSEND = YES;
				ENABLE_TESTABILITY = YES;
				GCC_C_LANGUAGE_STANDARD = gnu11;
				GCC_DYNAMIC_NO_PIC = NO;
				GCC_NO_COMMON_BLOCKS = YES;
				GCC_OPTIMIZATION_LEVEL = 0;
				GCC_PREPROCESSOR_DEFINITIONS = (
					"DEBUG=1",
					"$(inherited)",
				);
				GCC_WARN_64_TO_32_BIT_CONVERSION = YES;
				GCC_WARN_ABOUT_RETURN_TYPE = YES_ERROR;
				GCC_WARN_UNDECLARED_SELECTOR = YES;
				GCC_WARN_UNINITIALIZED_AUTOS = YES_AGGRESSIVE;
				GCC_WARN_UNUSED_FUNCTION = YES;
				GCC_WARN_UNUSED_VARIABLE = YES;
				IPHONEOS_DEPLOYMENT_TARGET = 11.2;
				MTL_ENABLE_DEBUG_INFO = YES;
				ONLY_ACTIVE_ARCH = YES;
				SDKROOT = iphoneos;
				SWIFT_ACTIVE_COMPILATION_CONDITIONS = DEBUG;
				SWIFT_OPTIMIZATION_LEVEL = "-Onone";
			};
			name = Debug;
		};
		8559D422206CF9520063F629 /* Release */ = {
			isa = XCBuildConfiguration;
			buildSettings = {
				ALWAYS_SEARCH_USER_PATHS = NO;
				CLANG_ANALYZER_NONNULL = YES;
				CLANG_ANALYZER_NUMBER_OBJECT_CONVERSION = YES_AGGRESSIVE;
				CLANG_CXX_LANGUAGE_STANDARD = "gnu++14";
				CLANG_CXX_LIBRARY = "libc++";
				CLANG_ENABLE_MODULES = YES;
				CLANG_ENABLE_OBJC_ARC = YES;
				CLANG_WARN_BLOCK_CAPTURE_AUTORELEASING = YES;
				CLANG_WARN_BOOL_CONVERSION = YES;
				CLANG_WARN_COMMA = YES;
				CLANG_WARN_CONSTANT_CONVERSION = YES;
				CLANG_WARN_DIRECT_OBJC_ISA_USAGE = YES_ERROR;
				CLANG_WARN_DOCUMENTATION_COMMENTS = YES;
				CLANG_WARN_EMPTY_BODY = YES;
				CLANG_WARN_ENUM_CONVERSION = YES;
				CLANG_WARN_INFINITE_RECURSION = YES;
				CLANG_WARN_INT_CONVERSION = YES;
				CLANG_WARN_NON_LITERAL_NULL_CONVERSION = YES;
				CLANG_WARN_OBJC_LITERAL_CONVERSION = YES;
				CLANG_WARN_OBJC_ROOT_CLASS = YES_ERROR;
				CLANG_WARN_RANGE_LOOP_ANALYSIS = YES;
				CLANG_WARN_STRICT_PROTOTYPES = YES;
				CLANG_WARN_SUSPICIOUS_MOVE = YES;
				CLANG_WARN_UNGUARDED_AVAILABILITY = YES_AGGRESSIVE;
				CLANG_WARN_UNREACHABLE_CODE = YES;
				CLANG_WARN__DUPLICATE_METHOD_MATCH = YES;
				CODE_SIGN_IDENTITY = "iPhone Developer";
				COPY_PHASE_STRIP = NO;
				DEBUG_INFORMATION_FORMAT = "dwarf-with-dsym";
				ENABLE_NS_ASSERTIONS = NO;
				ENABLE_STRICT_OBJC_MSGSEND = YES;
				GCC_C_LANGUAGE_STANDARD = gnu11;
				GCC_NO_COMMON_BLOCKS = YES;
				GCC_WARN_64_TO_32_BIT_CONVERSION = YES;
				GCC_WARN_ABOUT_RETURN_TYPE = YES_ERROR;
				GCC_WARN_UNDECLARED_SELECTOR = YES;
				GCC_WARN_UNINITIALIZED_AUTOS = YES_AGGRESSIVE;
				GCC_WARN_UNUSED_FUNCTION = YES;
				GCC_WARN_UNUSED_VARIABLE = YES;
				IPHONEOS_DEPLOYMENT_TARGET = 11.2;
				MTL_ENABLE_DEBUG_INFO = NO;
				SDKROOT = iphoneos;
				SWIFT_OPTIMIZATION_LEVEL = "-Owholemodule";
				VALIDATE_PRODUCT = YES;
			};
			name = Release;
		};
		8559D424206CF9520063F629 /* Debug */ = {
			isa = XCBuildConfiguration;
			buildSettings = {
				ASSETCATALOG_COMPILER_APPICON_NAME = AppIcon;
				CODE_SIGN_STYLE = Automatic;
				DEVELOPMENT_TEAM = 955X86W9RG;
				INFOPLIST_FILE = HelloSwitchingView/Info.plist;
				LD_RUNPATH_SEARCH_PATHS = "$(inherited) @executable_path/Frameworks";
				PRODUCT_BUNDLE_IDENTIFIER = com.AppsAdamLin.HelloSwitchingView;
				PRODUCT_NAME = "$(TARGET_NAME)";
				SWIFT_VERSION = 4.0;
				TARGETED_DEVICE_FAMILY = "1,2";
			};
			name = Debug;
		};
		8559D425206CF9520063F629 /* Release */ = {
			isa = XCBuildConfiguration;
			buildSettings = {
				ASSETCATALOG_COMPILER_APPICON_NAME = AppIcon;
				CODE_SIGN_STYLE = Automatic;
				DEVELOPMENT_TEAM = 955X86W9RG;
				INFOPLIST_FILE = HelloSwitchingView/Info.plist;
				LD_RUNPATH_SEARCH_PATHS = "$(inherited) @executable_path/Frameworks";
				PRODUCT_BUNDLE_IDENTIFIER = com.AppsAdamLin.HelloSwitchingView;
				PRODUCT_NAME = "$(TARGET_NAME)";
				SWIFT_VERSION = 4.0;
				TARGETED_DEVICE_FAMILY = "1,2";
			};
			name = Release;
		};
/* End XCBuildConfiguration section */

/* Begin XCConfigurationList section */
		8559D40C206CF9510063F629 /* Build configuration list for PBXProject "HelloSwitchingView" */ = {
			isa = XCConfigurationList;
			buildConfigurations = (
				8559D421206CF9520063F629 /* Debug */,
				8559D422206CF9520063F629 /* Release */,
			);
			defaultConfigurationIsVisible = 0;
			defaultConfigurationName = Release;
		};
		8559D423206CF9520063F629 /* Build configuration list for PBXNativeTarget "HelloSwitchingView" */ = {
			isa = XCConfigurationList;
			buildConfigurations = (
				8559D424206CF9520063F629 /* Debug */,
				8559D425206CF9520063F629 /* Release */,
			);
			defaultConfigurationIsVisible = 0;
			defaultConfigurationName = Release;
		};
/* End XCConfigurationList section */
	};
	rootObject = 8559D409206CF9510063F629 /* Project object */;
}
